{
  "name": "pf",
  "version": "1.0.0",
  "lockfileVersion": 2,
  "requires": true,
  "packages": {
    "": {
      "name": "pf",
      "version": "1.0.0",
      "license": "ISC",
      "dependencies": {
        "patternfly": "^3.59.5"
      }
    },
    "node_modules/@types/c3": {
      "version": "0.6.4",
      "resolved": "https://registry.npmjs.org/@types/c3/-/c3-0.6.4.tgz",
      "integrity": "sha512-W7i7oSmHsXYhseZJsIYexelv9HitGsWdQhx3mcy4NWso+GedpCYr02ghpkNvnZ4oTIjNeISdrOnM70s7HiuV+g==",
      "optional": true,
      "dependencies": {
        "@types/d3": "^4"
      }
    },
    "node_modules/@types/c3/node_modules/@types/d3": {
      "version": "4.13.12",
      "resolved": "https://registry.npmjs.org/@types/d3/-/d3-4.13.12.tgz",
      "integrity": "sha512-/bbFtkOBc04gGGN8N9rMG5ps3T0eIj5I8bnYe9iIyeM5qoOrydPCbFYlEPUnj2h9ibc2i+QZfDam9jY5XTrTxQ==",
      "optional": true,
      "dependencies": {
        "@types/d3-array": "^1",
        "@types/d3-axis": "^1",
        "@types/d3-brush": "^1",
        "@types/d3-chord": "^1",
        "@types/d3-collection": "*",
        "@types/d3-color": "^1",
        "@types/d3-dispatch": "^1",
        "@types/d3-drag": "^1",
        "@types/d3-dsv": "^1",
        "@types/d3-ease": "^1",
        "@types/d3-force": "^1",
        "@types/d3-format": "^1",
        "@types/d3-geo": "^1",
        "@types/d3-hierarchy": "^1",
        "@types/d3-interpolate": "^1",
        "@types/d3-path": "^1",
        "@types/d3-polygon": "^1",
        "@types/d3-quadtree": "^1",
        "@types/d3-queue": "*",
        "@types/d3-random": "^1",
        "@types/d3-request": "*",
        "@types/d3-scale": "^1",
        "@types/d3-selection": "^1",
        "@types/d3-shape": "^1",
        "@types/d3-time": "^1",
        "@types/d3-time-format": "^2",
        "@types/d3-timer": "^1",
        "@types/d3-transition": "^1",
        "@types/d3-voronoi": "*",
        "@types/d3-zoom": "^1"
      }
    },
    "node_modules/@types/c3/node_modules/@types/d3-array": {
      "version": "1.2.9",
      "resolved": "https://registry.npmjs.org/@types/d3-array/-/d3-array-1.2.9.tgz",
      "integrity": "sha512-E/7RgPr2ylT5dWG0CswMi9NpFcjIEDqLcUSBgNHe/EMahfqYaTx4zhcggG3khqoEB/leY4Vl6nTSbwLUPjXceA==",
      "optional": true
    },
    "node_modules/@types/c3/node_modules/@types/d3-axis": {
      "version": "1.0.16",
      "resolved": "https://registry.npmjs.org/@types/d3-axis/-/d3-axis-1.0.16.tgz",
      "integrity": "sha512-p7085weOmo4W+DzlRRVC/7OI/jugaKbVa6WMQGCQscaMylcbuaVEGk7abJLNyGVFLeCBNrHTdDiqRGnzvL0nXQ==",
      "optional": true,
      "dependencies": {
        "@types/d3-selection": "^1"
      }
    },
    "node_modules/@types/c3/node_modules/@types/d3-brush": {
      "version": "1.1.5",
      "resolved": "https://registry.npmjs.org/@types/d3-brush/-/d3-brush-1.1.5.tgz",
      "integrity": "sha512-4zGkBafJf5zCsBtLtvDj/pNMo5X9+Ii/1hUz0GvQ+wEwelUBm2AbIDAzJnp2hLDFF307o0fhxmmocHclhXC+tw==",
      "optional": true,
      "dependencies": {
        "@types/d3-selection": "^1"
      }
    },
    "node_modules/@types/c3/node_modules/@types/d3-chord": {
      "version": "1.0.11",
      "resolved": "https://registry.npmjs.org/@types/d3-chord/-/d3-chord-1.0.11.tgz",
      "integrity": "sha512-0DdfJ//bxyW3G9Nefwq/LDgazSKNN8NU0lBT3Cza6uVuInC2awMNsAcv1oKyRFLn9z7kXClH5XjwpveZjuz2eg==",
      "optional": true
    },
    "node_modules/@types/c3/node_modules/@types/d3-color": {
      "version": "1.4.2",
      "resolved": "https://registry.npmjs.org/@types/d3-color/-/d3-color-1.4.2.tgz",
      "integrity": "sha512-fYtiVLBYy7VQX+Kx7wU/uOIkGQn8aAEY8oWMoyja3N4dLd8Yf6XgSIR/4yWvMuveNOH5VShnqCgRqqh/UNanBA==",
      "optional": true
    },
    "node_modules/@types/c3/node_modules/@types/d3-dispatch": {
      "version": "1.0.9",
      "resolved": "https://registry.npmjs.org/@types/d3-dispatch/-/d3-dispatch-1.0.9.tgz",
      "integrity": "sha512-zJ44YgjqALmyps+II7b1mZLhrtfV/FOxw9owT87mrweGWcg+WK5oiJX2M3SYJ0XUAExBduarysfgbR11YxzojQ==",
      "optional": true
    },
    "node_modules/@types/c3/node_modules/@types/d3-drag": {
      "version": "1.2.5",
      "resolved": "https://registry.npmjs.org/@types/d3-drag/-/d3-drag-1.2.5.tgz",
      "integrity": "sha512-7NeTnfolst1Js3Vs7myctBkmJWu6DMI3k597AaHUX98saHjHWJ6vouT83UrpE+xfbSceHV+8A0JgxuwgqgmqWw==",
      "optional": true,
      "dependencies": {
        "@types/d3-selection": "^1"
      }
    },
    "node_modules/@types/c3/node_modules/@types/d3-dsv": {
      "version": "1.2.2",
      "resolved": "https://registry.npmjs.org/@types/d3-dsv/-/d3-dsv-1.2.2.tgz",
      "integrity": "sha512-GRnz9z8ypqb7OsQ/xw/BmFAp0/k3pgM1s19FTZZSlCMY0EvyVTkU8xzZKKDXzytGXPpTNC4R5pGl9oxEvVSnHQ==",
      "optional": true
    },
    "node_modules/@types/c3/node_modules/@types/d3-ease": {
      "version": "1.0.11",
      "resolved": "https://registry.npmjs.org/@types/d3-ease/-/d3-ease-1.0.11.tgz",
      "integrity": "sha512-wUigPL0kleGZ9u3RhzBP07lxxkMcUjL5IODP42mN/05UNL+JJCDnpEPpFbJiPvLcTeRKGIRpBBJyP/1BNwYsVA==",
      "optional": true
    },
    "node_modules/@types/c3/node_modules/@types/d3-force": {
      "version": "1.2.4",
      "resolved": "https://registry.npmjs.org/@types/d3-force/-/d3-force-1.2.4.tgz",
      "integrity": "sha512-fkorLTKvt6AQbFBQwn4aq7h9rJ4c7ZVcPMGB8X6eFFveAyMZcv7t7m6wgF4Eg93rkPgPORU7sAho1QSHNcZu6w==",
      "optional": true
    },
    "node_modules/@types/c3/node_modules/@types/d3-format": {
      "version": "1.4.2",
      "resolved": "https://registry.npmjs.org/@types/d3-format/-/d3-format-1.4.2.tgz",
      "integrity": "sha512-WeGCHAs7PHdZYq6lwl/+jsl+Nfc1J2W1kNcMeIMYzQsT6mtBDBgtJ/rcdjZ0k0rVIvqEZqhhuD5TK/v3P2gFHQ==",
      "optional": true
    },
    "node_modules/@types/c3/node_modules/@types/d3-geo": {
      "version": "1.12.4",
      "resolved": "https://registry.npmjs.org/@types/d3-geo/-/d3-geo-1.12.4.tgz",
      "integrity": "sha512-lNDaAuOaML6w2d1XE0Txr5YOXLBQSF1q2IU6eXh/u1TTPQSm2Ah+TMIub1+CIMq8J/7DOzi5Cr8/yHqjNvqLKA==",
      "optional": true,
      "dependencies": {
        "@types/geojson": "*"
      }
    },
    "node_modules/@types/c3/node_modules/@types/d3-hierarchy": {
      "version": "1.1.8",
      "resolved": "https://registry.npmjs.org/@types/d3-hierarchy/-/d3-hierarchy-1.1.8.tgz",
      "integrity": "sha512-AbStKxNyWiMDQPGDguG2Kuhlq1Sv539pZSxYbx4UZeYkutpPwXCcgyiRrlV4YH64nIOsKx7XVnOMy9O7rJsXkg==",
      "optional": true
    },
    "node_modules/@types/c3/node_modules/@types/d3-interpolate": {
      "version": "1.4.2",
      "resolved": "https://registry.npmjs.org/@types/d3-interpolate/-/d3-interpolate-1.4.2.tgz",
      "integrity": "sha512-ylycts6llFf8yAEs1tXzx2loxxzDZHseuhPokrqKprTQSTcD3JbJI1omZP1rphsELZO3Q+of3ff0ZS7+O6yVzg==",
      "optional": true,
      "dependencies": {
        "@types/d3-color": "^1"
      }
    },
    "node_modules/@types/c3/node_modules/@types/d3-path": {
      "version": "1.0.9",
      "resolved": "https://registry.npmjs.org/@types/d3-path/-/d3-path-1.0.9.tgz",
      "integrity": "sha512-NaIeSIBiFgSC6IGUBjZWcscUJEq7vpVu7KthHN8eieTV9d9MqkSOZLH4chq1PmcKy06PNe3axLeKmRIyxJ+PZQ==",
      "optional": true
    },
    "node_modules/@types/c3/node_modules/@types/d3-polygon": {
      "version": "1.0.8",
      "resolved": "https://registry.npmjs.org/@types/d3-polygon/-/d3-polygon-1.0.8.tgz",
      "integrity": "sha512-1TOJPXCBJC9V3+K3tGbTqD/CsqLyv/YkTXAcwdsZzxqw5cvpdnCuDl42M4Dvi8XzMxZNCT9pL4ibrK2n4VmAcw==",
      "optional": true
    },
    "node_modules/@types/c3/node_modules/@types/d3-quadtree": {
      "version": "1.0.9",
      "resolved": "https://registry.npmjs.org/@types/d3-quadtree/-/d3-quadtree-1.0.9.tgz",
      "integrity": "sha512-5E0OJJn2QVavITFEc1AQlI8gLcIoDZcTKOD3feKFckQVmFV4CXhqRFt83tYNVNIN4ZzRkjlAMavJa1ldMhf5rA==",
      "optional": true
    },
    "node_modules/@types/c3/node_modules/@types/d3-random": {
      "version": "1.1.3",
      "resolved": "https://registry.npmjs.org/@types/d3-random/-/d3-random-1.1.3.tgz",
      "integrity": "sha512-XXR+ZbFCoOd4peXSMYJzwk0/elP37WWAzS/DG+90eilzVbUSsgKhBcWqylGWe+lA2ubgr7afWAOBaBxRgMUrBQ==",
      "optional": true
    },
    "node_modules/@types/c3/node_modules/@types/d3-scale": {
      "version": "1.0.17",
      "resolved": "https://registry.npmjs.org/@types/d3-scale/-/d3-scale-1.0.17.tgz",
      "integrity": "sha512-baIP5/gw+PS8Axs1lfZCeIjcOXen/jxQmgFEjbYThwaj2drvivOIrJMh2Ig4MeenrogCH6zkhiOxCPRkvN1scA==",
      "optional": true,
      "dependencies": {
        "@types/d3-time": "^1"
      }
    },
    "node_modules/@types/c3/node_modules/@types/d3-selection": {
      "version": "1.4.3",
      "resolved": "https://registry.npmjs.org/@types/d3-selection/-/d3-selection-1.4.3.tgz",
      "integrity": "sha512-GjKQWVZO6Sa96HiKO6R93VBE8DUW+DDkFpIMf9vpY5S78qZTlRRSNUsHr/afDpF7TvLDV7VxrUFOWW7vdIlYkA==",
      "optional": true
    },
    "node_modules/@types/c3/node_modules/@types/d3-shape": {
      "version": "1.3.8",
      "resolved": "https://registry.npmjs.org/@types/d3-shape/-/d3-shape-1.3.8.tgz",
      "integrity": "sha512-gqfnMz6Fd5H6GOLYixOZP/xlrMtJms9BaS+6oWxTKHNqPGZ93BkWWupQSCYm6YHqx6h9wjRupuJb90bun6ZaYg==",
      "optional": true,
      "dependencies": {
        "@types/d3-path": "^1"
      }
    },
    "node_modules/@types/c3/node_modules/@types/d3-time": {
      "version": "1.1.1",
      "resolved": "https://registry.npmjs.org/@types/d3-time/-/d3-time-1.1.1.tgz",
      "integrity": "sha512-ULX7LoqXTCYtM+tLYOaeAJK7IwCT+4Gxlm2MaH0ErKLi07R5lh8NHCAyWcDkCCmx1AfRcBEV6H9QE9R25uP7jw==",
      "optional": true
    },
    "node_modules/@types/c3/node_modules/@types/d3-time-format": {
      "version": "2.3.1",
      "resolved": "https://registry.npmjs.org/@types/d3-time-format/-/d3-time-format-2.3.1.tgz",
      "integrity": "sha512-fck0Z9RGfIQn3GJIEKVrp15h9m6Vlg0d5XXeiE/6+CQiBmMDZxfR21XtjEPuDeg7gC3bBM0SdieA5XF3GW1wKA==",
      "optional": true
    },
    "node_modules/@types/c3/node_modules/@types/d3-timer": {
      "version": "1.0.10",
      "resolved": "https://registry.npmjs.org/@types/d3-timer/-/d3-timer-1.0.10.tgz",
      "integrity": "sha512-ZnAbquVqy+4ZjdW0cY6URp+qF/AzTVNda2jYyOzpR2cPT35FTXl78s15Bomph9+ckOiI1TtkljnWkwbIGAb6rg==",
      "optional": true
    },
    "node_modules/@types/c3/node_modules/@types/d3-transition": {
      "version": "1.3.2",
      "resolved": "https://registry.npmjs.org/@types/d3-transition/-/d3-transition-1.3.2.tgz",
      "integrity": "sha512-J+a3SuF/E7wXbOSN19p8ZieQSFIm5hU2Egqtndbc54LXaAEOpLfDx4sBu/PKAKzHOdgKK1wkMhINKqNh4aoZAg==",
      "optional": true,
      "dependencies": {
        "@types/d3-selection": "^1"
      }
    },
    "node_modules/@types/c3/node_modules/@types/d3-zoom": {
      "version": "1.8.3",
      "resolved": "https://registry.npmjs.org/@types/d3-zoom/-/d3-zoom-1.8.3.tgz",
      "integrity": "sha512-3kHkL6sPiDdbfGhzlp5gIHyu3kULhtnHTTAl3UBZVtWB1PzcLL8vdmz5mTx7plLiUqOA2Y+yT2GKjt/TdA2p7Q==",
      "optional": true,
      "dependencies": {
        "@types/d3-interpolate": "^1",
        "@types/d3-selection": "^1"
      }
    },
    "node_modules/@types/d3-collection": {
      "optional": true
    },
    "node_modules/@types/d3-queue": {
      "optional": true
    },
    "node_modules/@types/d3-request": {
      "optional": true
    },
    "node_modules/@types/d3-voronoi": {
      "optional": true
    },
    "node_modules/@types/geojson": {
      "optional": true
    },
    "node_modules/bootstrap": {
      "version": "3.4.1",
      "resolved": "https://registry.npmjs.org/bootstrap/-/bootstrap-3.4.1.tgz",
      "integrity": "sha512-yN5oZVmRCwe5aKwzRj6736nSmKDX7pLYwsXiCj/EYmo16hODaBiT4En5btW/jhBF/seV+XMx3aYwukYC3A49DA==",
      "engines": {
        "node": ">=6"
      }
    },
    "node_modules/bootstrap-datepicker": {
      "version": "1.9.0",
      "resolved": "https://registry.npmjs.org/bootstrap-datepicker/-/bootstrap-datepicker-1.9.0.tgz",
      "integrity": "sha512-9rYYbaVOheGYxjOr/+bJCmRPihfy+LkLSg4fIFMT9Od8WwWB/MB50w0JO1eBgKUMbb7PFHQD5uAfI3ArAxZRXA==",
      "optional": true,
      "dependencies": {
        "jquery": ">=1.7.1 <4.0.0"
      }
    },
    "node_modules/bootstrap-sass": {
      "version": "3.4.3",
      "resolved": "https://registry.npmjs.org/bootstrap-sass/-/bootstrap-sass-3.4.3.tgz",
      "integrity": "sha512-vPgFnGMp1jWZZupOND65WS6mkR8rxhJxndT/AcMbqcq1hHMdkcH4sMPhznLzzoHOHkSCrd6J9F8pWBriPCKP2Q==",
      "optional": true
    },
    "node_modules/bootstrap-select": {
      "version": "1.12.2",
      "resolved": "https://registry.npmjs.org/bootstrap-select/-/bootstrap-select-1.12.2.tgz",
      "integrity": "sha512-Fj1VstB55LigEEYQb6ZOi/ok+uaqnslRxS8Qo9Q+F46WWDhhXAeNpjBhjEMlxQjPs9yqYZf2hf/mxVRWab8sow==",
      "optional": true,
      "dependencies": {
        "jquery": ">=1.8"
      }
    },
    "node_modules/bootstrap-slider": {
      "version": "9.10.0",
      "resolved": "https://registry.npmjs.org/bootstrap-slider/-/bootstrap-slider-9.10.0.tgz",
      "integrity": "sha512-a9MtENtt4r3ttPW5mpIpOFmCaIsm37EGukOgw5cfHlxKvsUSN8AN9JtwKrKuqgEnxs86kUSsMvMn8kqewMorKw==",
      "optional": true
    },
    "node_modules/bootstrap-switch": {
      "version": "3.3.4",
      "resolved": "https://registry.npmjs.org/bootstrap-switch/-/bootstrap-switch-3.3.4.tgz",
      "integrity": "sha512-7YQo+Ir6gCUqC36FFp1Zvec5dRF/+obq+1drMtdIMi9Xc84Kx63Evi0kdcp4HfiGsZpiz6IskyYDNlSKcxsL7w==",
      "optional": true,
      "peerDependencies": {
        "bootstrap": "^3.1.1",
        "jquery": ">=1.9.0"
      }
    },
    "node_modules/bootstrap-touchspin": {
      "version": "3.1.1",
      "resolved": "https://registry.npmjs.org/bootstrap-touchspin/-/bootstrap-touchspin-3.1.1.tgz",
      "integrity": "sha512-o5pgzdr8Ma5hQKS3JE1uNq/jkx8qCG+KhJXSlvYCmX2wTxva2sS2Kq3idGN+tP5e1bZJQgkbqwP9TdEEx+R+6Q==",
      "optional": true
    },
    "node_modules/c3": {
      "version": "0.4.24",
      "resolved": "https://registry.npmjs.org/c3/-/c3-0.4.24.tgz",
      "integrity": "sha512-mVCFtN5ZWUT5UE7ilFQ7KBQ7TUCdKIq6KsDt1hH/1m6gC1tBjvzFTO7fqhaiWHfhNOjjM7makschdhg6DkWQMA==",
      "optional": true,
      "dependencies": {
        "d3": "~3.5.0"
      }
    },
    "node_modules/d3": {
      "version": "3.5.17",
      "resolved": "https://registry.npmjs.org/d3/-/d3-3.5.17.tgz",
      "integrity": "sha512-yFk/2idb8OHPKkbAL8QaOaqENNoMhIaSHZerk3oQsECwkObkCpJyjYwCe+OHiq6UEdhe1m8ZGARRRO3ljFjlKg==",
      "optional": true
    },
    "node_modules/datatables.net": {
      "version": "1.13.1",
      "resolved": "https://registry.npmjs.org/datatables.net/-/datatables.net-1.13.1.tgz",
      "integrity": "sha512-cX5dDHsbVdLLYKsWOSE0MvuGUcV88zU5dZ/taK2puJV6F9Fw0CFsP3+U/kr+qpDSFOBLWISRyM4Q9wWWovPTNg==",
      "optional": true,
      "dependencies": {
        "jquery": ">=1.7"
      }
    },
    "node_modules/datatables.net-colreorder": {
      "version": "1.6.1",
      "resolved": "https://registry.npmjs.org/datatables.net-colreorder/-/datatables.net-colreorder-1.6.1.tgz",
      "integrity": "sha512-ae0gdkG0OmrEGUrXYm0XgWDzDkuEhEuNrfvQsmtCTl0j+1nxtXPsecIiWBCqv/dM0X4x8PT0dJY8furqPCzXXw==",
      "optional": true,
      "dependencies": {
        "datatables.net": ">=1.12.1",
        "jquery": ">=1.7"
      }
    },
    "node_modules/datatables.net-colreorder-bs": {
      "version": "1.3.3",
      "resolved": "https://registry.npmjs.org/datatables.net-colreorder-bs/-/datatables.net-colreorder-bs-1.3.3.tgz",
      "integrity": "sha512-+DPim/DhbSIqr2rhRvYNrAMFNZgl372PiKEAv5YeyjYMzc8+6kX8Vinpb3Bg0PDgEdPqEWqJ6H18pBCKhXppgg==",
      "optional": true,
      "dependencies": {
        "datatables.net-bs": ">=1.10.9",
        "datatables.net-colreorder": ">=1.2.0",
        "jquery": ">=1.7"
      }
    },
    "node_modules/datatables.net-colreorder-bs/node_modules/datatables.net-bs": {
      "version": "1.13.1",
      "resolved": "https://registry.npmjs.org/datatables.net-bs/-/datatables.net-bs-1.13.1.tgz",
      "integrity": "sha512-xk7fGh4txtQWsvrkpQroHJse3YJ0Hkn3UAy1Kk1Ngok32BhVKIQ2t4ggchg73JY+o5TynBn5MgezYJpwMRU+Hg==",
      "optional": true,
      "dependencies": {
        "datatables.net": ">=1.12.1",
        "jquery": ">=1.7"
      }
    },
    "node_modules/datatables.net-select": {
      "version": "1.2.7",
      "resolved": "https://registry.npmjs.org/datatables.net-select/-/datatables.net-select-1.2.7.tgz",
      "integrity": "sha512-C3XDi7wpruGjDXV36dc9hN/FrAX9GOFvBZ7+KfKJTBNkGFbbhdzHS91SMeGiwRXPYivAyxfPTcVVndVaO83uBQ==",
      "optional": true,
      "dependencies": {
        "datatables.net": "^1.10.15",
        "jquery": ">=1.7"
      }
    },
    "node_modules/drmonty-datatables-colvis": {
      "version": "1.1.2",
      "resolved": "https://registry.npmjs.org/drmonty-datatables-colvis/-/drmonty-datatables-colvis-1.1.2.tgz",
      "integrity": "sha512-1kL4fbsBEkQQTl83eQ8G/vRGcCiM6Hn3O8Tp473tG4YSsBDcxETDDSxb8qC+fQjHZ3jUCptWj3lG/L8rI6NBNw==",
      "optional": true,
      "dependencies": {
        "jquery": ">=1.7.0"
      }
    },
    "node_modules/eonasdan-bootstrap-datetimepicker": {
      "version": "4.17.49",
      "resolved": "https://registry.npmjs.org/eonasdan-bootstrap-datetimepicker/-/eonasdan-bootstrap-datetimepicker-4.17.49.tgz",
      "integrity": "sha512-7KZeDpkj+A6AtPR3XjX8gAnRPUkPSfW0OmMANG1dkUOPMtLSzbyoCjDIdEcfRtQPU5X0D9Gob7wWKn0h4QWy7A==",
      "optional": true,
      "dependencies": {
        "bootstrap": "^3.3",
        "jquery": "^3.5.1",
        "moment": "^2.10",
        "moment-timezone": "^0.4.0"
      },
      "peerDependencies": {
        "bootstrap": "^3.3",
        "jquery": "^1.8.3 || ^2.0 || ^3.0",
        "moment": "^2.10",
        "moment-timezone": "^0.4.0 || ^0.5.0"
      }
    },
    "node_modules/eonasdan-bootstrap-datetimepicker/node_modules/jquery": {
      "version": "3.6.3",
      "resolved": "https://registry.npmjs.org/jquery/-/jquery-3.6.3.tgz",
      "integrity": "sha512-bZ5Sy3YzKo9Fyc8wH2iIQK4JImJ6R0GWI9kL1/k7Z91ZBNgkRXE6U0JfHIizZbort8ZunhSI3jw9I6253ahKfg==",
      "optional": true
    },
    "node_modules/font-awesome": {
      "version": "4.7.0",
      "resolved": "https://registry.npmjs.org/font-awesome/-/font-awesome-4.7.0.tgz",
      "integrity": "sha512-U6kGnykA/6bFmg1M/oT9EkFeIYv7JlX3bozwQJWiiLz6L0w3F5vBVPxHlwyX/vtNq1ckcpRKOB9f2Qal/VtFpg==",
      "engines": {
        "node": ">=0.10.3"
      }
    },
    "node_modules/font-awesome-sass": {
      "version": "4.7.0",
      "resolved": "https://registry.npmjs.org/font-awesome-sass/-/font-awesome-sass-4.7.0.tgz",
      "integrity": "sha512-apO2Nw3XP/Zv7fLxa+MnPnvJ/GdkH6qWrLrtN5oQrFL7RPprzHKROjN94jgyoxM+T7PQBhY9F/SwOKbBaLyXxg==",
      "optional": true
    },
    "node_modules/google-code-prettify": {
      "version": "1.0.5",
      "resolved": "https://registry.npmjs.org/google-code-prettify/-/google-code-prettify-1.0.5.tgz",
      "integrity": "sha512-Y47Bw63zJKCuqTuhTZC1ct4e/0ADuMssxXhnrP8QHq71tE2aYBKG6wQwXr8zya0zIUd0mKN3XTlI5AME4qm6NQ==",
      "optional": true
    },
    "node_modules/jquery": {
      "version": "3.4.1",
      "resolved": "https://registry.npmjs.org/jquery/-/jquery-3.4.1.tgz",
      "integrity": "sha512-36+AdBzCL+y6qjw5Tx7HgzeGCzC81MDDgaUP8ld2zhx58HdqXGoBd+tHdrBMiyjGQs0Hxs/MLZTu/eHNJJuWPw=="
    },
    "node_modules/jquery-match-height": {
      "version": "0.7.2",
      "resolved": "https://registry.npmjs.org/jquery-match-height/-/jquery-match-height-0.7.2.tgz",
      "integrity": "sha512-qSyC0GBc4zUlgBcxfyyumJSVUm50T6XuJEIz59cKaI28VXMUT95mZ6KiIjhMIMbG8IiJhh65FtQO1XD42TAcwg==",
      "optional": true
    },
    "node_modules/moment": {
      "version": "2.29.4",
      "resolved": "https://registry.npmjs.org/moment/-/moment-2.29.4.tgz",
      "integrity": "sha512-5LC9SOxjSc2HF6vO2CyuTDNivEdoz2IvyJJGj6X8DJ0eFyfszE0QiEd+iXmBvUP3WHxSjFH/vIsA0EN00cgr8w==",
      "optional": true,
      "engines": {
        "node": "*"
      }
    },
    "node_modules/moment-timezone": {
      "version": "0.4.1",
      "resolved": "https://registry.npmjs.org/moment-timezone/-/moment-timezone-0.4.1.tgz",
      "integrity": "sha512-5cNPVUwaVJDCe9JM8m/qz17f9SkaI8rpnRUyDJi2K5HAd6EwhuQ3n5nLclZkNC/qJnomKgQH2TIu70Gy2dxFKA==",
      "optional": true,
      "dependencies": {
        "moment": ">= 2.6.0"
      },
      "engines": {
        "node": "*"
      }
    },
    "node_modules/patternfly": {
      "version": "3.59.5",
      "resolved": "https://registry.npmjs.org/patternfly/-/patternfly-3.59.5.tgz",
      "integrity": "sha512-SMQynv9eFrWWG0Ujta5+jPjxHdQB3xkTLiDW5VP8XXc0nGUxXb4EnZh21qiMeGGJYaKpu9CzaPEpCvuBxgYWHQ==",
      "dependencies": {
        "bootstrap": "~3.4.1",
        "font-awesome": "^4.7.0",
        "jquery": "~3.4.1"
      },
      "optionalDependencies": {
        "@types/c3": "^0.6.0",
        "bootstrap-datepicker": "^1.7.1",
        "bootstrap-sass": "^3.4.0",
        "bootstrap-select": "1.12.2",
        "bootstrap-slider": "^9.9.0",
        "bootstrap-switch": "3.3.4",
        "bootstrap-touchspin": "~3.1.1",
        "c3": "~0.4.11",
        "d3": "~3.5.17",
        "datatables.net": "^1.10.15",
        "datatables.net-colreorder": "^1.4.1",
        "datatables.net-colreorder-bs": "~1.3.2",
        "datatables.net-select": "~1.2.0",
        "drmonty-datatables-colvis": "~1.1.2",
        "eonasdan-bootstrap-datetimepicker": "^4.17.47",
        "font-awesome-sass": "^4.7.0",
        "google-code-prettify": "~1.0.5",
        "jquery-match-height": "^0.7.2",
        "moment": "^2.19.1",
        "moment-timezone": "^0.4.1",
        "patternfly-bootstrap-combobox": "~1.1.7",
        "patternfly-bootstrap-treeview": "~2.1.10"
      }
    },
    "node_modules/patternfly-bootstrap-combobox": {
      "version": "1.1.7",
      "resolved": "https://registry.npmjs.org/patternfly-bootstrap-combobox/-/patternfly-bootstrap-combobox-1.1.7.tgz",
      "integrity": "sha512-6KptS6UnS8jOwLuqsjokiNUYjOf3G4bSahiSHhkQMdfvG0b4sZkUgOFWdMJ8zBXaZGVe8T324GQoXqiJdJxMuw==",
      "optional": true
    },
    "node_modules/patternfly-bootstrap-treeview": {
      "version": "2.1.10",
      "resolved": "https://registry.npmjs.org/patternfly-bootstrap-treeview/-/patternfly-bootstrap-treeview-2.1.10.tgz",
      "integrity": "sha512-P9+iFu34CwX+R5Fd7/EWbxTug0q9mDj53PnZIIh5ie54KX2kD0+54lCWtpD9SVylDwDtDv3n3A6gbFVkx7HsuA==",
      "optional": true,
      "dependencies": {
        "bootstrap": "^3.4.1",
        "jquery": "^3.4.1"
      },
      "engines": {
        "node": ">= 0.10.0"
      }
    }
  },
  "dependencies": {
    "@types/c3": {
      "version": "0.6.4",
      "resolved": "https://registry.npmjs.org/@types/c3/-/c3-0.6.4.tgz",
      "integrity": "sha512-W7i7oSmHsXYhseZJsIYexelv9HitGsWdQhx3mcy4NWso+GedpCYr02ghpkNvnZ4oTIjNeISdrOnM70s7HiuV+g==",
      "optional": true,
      "requires": {
        "@types/d3": "^4"
      },
      "dependencies": {
        "@types/d3": {
          "version": "4.13.12",
          "resolved": "https://registry.npmjs.org/@types/d3/-/d3-4.13.12.tgz",
          "integrity": "sha512-/bbFtkOBc04gGGN8N9rMG5ps3T0eIj5I8bnYe9iIyeM5qoOrydPCbFYlEPUnj2h9ibc2i+QZfDam9jY5XTrTxQ==",
          "optional": true,
          "requires": {
            "@types/d3-array": "^1",
            "@types/d3-axis": "^1",
            "@types/d3-brush": "^1",
            "@types/d3-chord": "^1",
            "@types/d3-collection": "*",
            "@types/d3-color": "^1",
            "@types/d3-dispatch": "^1",
            "@types/d3-drag": "^1",
            "@types/d3-dsv": "^1",
            "@types/d3-ease": "^1",
            "@types/d3-force": "^1",
            "@types/d3-format": "^1",
            "@types/d3-geo": "^1",
            "@types/d3-hierarchy": "^1",
            "@types/d3-interpolate": "^1",
            "@types/d3-path": "^1",
            "@types/d3-polygon": "^1",
            "@types/d3-quadtree": "^1",
            "@types/d3-queue": "*",
            "@types/d3-random": "^1",
            "@types/d3-request": "*",
            "@types/d3-scale": "^1",
            "@types/d3-selection": "^1",
            "@types/d3-shape": "^1",
            "@types/d3-time": "^1",
            "@types/d3-time-format": "^2",
            "@types/d3-timer": "^1",
            "@types/d3-transition": "^1",
            "@types/d3-voronoi": "*",
            "@types/d3-zoom": "^1"
          }
        },
        "@types/d3-array": {
          "version": "1.2.9",
          "resolved": "https://registry.npmjs.org/@types/d3-array/-/d3-array-1.2.9.tgz",
          "integrity": "sha512-E/7RgPr2ylT5dWG0CswMi9NpFcjIEDqLcUSBgNHe/EMahfqYaTx4zhcggG3khqoEB/leY4Vl6nTSbwLUPjXceA==",
          "optional": true
        },
        "@types/d3-axis": {
          "version": "1.0.16",
          "resolved": "https://registry.npmjs.org/@types/d3-axis/-/d3-axis-1.0.16.tgz",
          "integrity": "sha512-p7085weOmo4W+DzlRRVC/7OI/jugaKbVa6WMQGCQscaMylcbuaVEGk7abJLNyGVFLeCBNrHTdDiqRGnzvL0nXQ==",
          "optional": true,
          "requires": {
            "@types/d3-selection": "^1"
          }
        },
        "@types/d3-brush": {
          "version": "1.1.5",
          "resolved": "https://registry.npmjs.org/@types/d3-brush/-/d3-brush-1.1.5.tgz",
          "integrity": "sha512-4zGkBafJf5zCsBtLtvDj/pNMo5X9+Ii/1hUz0GvQ+wEwelUBm2AbIDAzJnp2hLDFF307o0fhxmmocHclhXC+tw==",
          "optional": true,
          "requires": {
            "@types/d3-selection": "^1"
          }
        },
        "@types/d3-chord": {
          "version": "1.0.11",
          "resolved": "https://registry.npmjs.org/@types/d3-chord/-/d3-chord-1.0.11.tgz",
          "integrity": "sha512-0DdfJ//bxyW3G9Nefwq/LDgazSKNN8NU0lBT3Cza6uVuInC2awMNsAcv1oKyRFLn9z7kXClH5XjwpveZjuz2eg==",
          "optional": true
        },
        "@types/d3-color": {
          "version": "1.4.2",
          "resolved": "https://registry.npmjs.org/@types/d3-color/-/d3-color-1.4.2.tgz",
          "integrity": "sha512-fYtiVLBYy7VQX+Kx7wU/uOIkGQn8aAEY8oWMoyja3N4dLd8Yf6XgSIR/4yWvMuveNOH5VShnqCgRqqh/UNanBA==",
          "optional": true
        },
        "@types/d3-dispatch": {
          "version": "1.0.9",
          "resolved": "https://registry.npmjs.org/@types/d3-dispatch/-/d3-dispatch-1.0.9.tgz",
          "integrity": "sha512-zJ44YgjqALmyps+II7b1mZLhrtfV/FOxw9owT87mrweGWcg+WK5oiJX2M3SYJ0XUAExBduarysfgbR11YxzojQ==",
          "optional": true
        },
        "@types/d3-drag": {
          "version": "1.2.5",
          "resolved": "https://registry.npmjs.org/@types/d3-drag/-/d3-drag-1.2.5.tgz",
          "integrity": "sha512-7NeTnfolst1Js3Vs7myctBkmJWu6DMI3k597AaHUX98saHjHWJ6vouT83UrpE+xfbSceHV+8A0JgxuwgqgmqWw==",
          "optional": true,
          "requires": {
            "@types/d3-selection": "^1"
          }
        },
        "@types/d3-dsv": {
          "version": "1.2.2",
          "resolved": "https://registry.npmjs.org/@types/d3-dsv/-/d3-dsv-1.2.2.tgz",
          "integrity": "sha512-GRnz9z8ypqb7OsQ/xw/BmFAp0/k3pgM1s19FTZZSlCMY0EvyVTkU8xzZKKDXzytGXPpTNC4R5pGl9oxEvVSnHQ==",
          "optional": true
        },
        "@types/d3-ease": {
          "version": "1.0.11",
          "resolved": "https://registry.npmjs.org/@types/d3-ease/-/d3-ease-1.0.11.tgz",
          "integrity": "sha512-wUigPL0kleGZ9u3RhzBP07lxxkMcUjL5IODP42mN/05UNL+JJCDnpEPpFbJiPvLcTeRKGIRpBBJyP/1BNwYsVA==",
          "optional": true
        },
        "@types/d3-force": {
          "version": "1.2.4",
          "resolved": "https://registry.npmjs.org/@types/d3-force/-/d3-force-1.2.4.tgz",
          "integrity": "sha512-fkorLTKvt6AQbFBQwn4aq7h9rJ4c7ZVcPMGB8X6eFFveAyMZcv7t7m6wgF4Eg93rkPgPORU7sAho1QSHNcZu6w==",
          "optional": true
        },
        "@types/d3-format": {
          "version": "1.4.2",
          "resolved": "https://registry.npmjs.org/@types/d3-format/-/d3-format-1.4.2.tgz",
          "integrity": "sha512-WeGCHAs7PHdZYq6lwl/+jsl+Nfc1J2W1kNcMeIMYzQsT6mtBDBgtJ/rcdjZ0k0rVIvqEZqhhuD5TK/v3P2gFHQ==",
          "optional": true
        },
        "@types/d3-geo": {
          "version": "1.12.4",
          "resolved": "https://registry.npmjs.org/@types/d3-geo/-/d3-geo-1.12.4.tgz",
          "integrity": "sha512-lNDaAuOaML6w2d1XE0Txr5YOXLBQSF1q2IU6eXh/u1TTPQSm2Ah+TMIub1+CIMq8J/7DOzi5Cr8/yHqjNvqLKA==",
          "optional": true,
          "requires": {
            "@types/geojson": "*"
          }
        },
        "@types/d3-hierarchy": {
          "version": "1.1.8",
          "resolved": "https://registry.npmjs.org/@types/d3-hierarchy/-/d3-hierarchy-1.1.8.tgz",
          "integrity": "sha512-AbStKxNyWiMDQPGDguG2Kuhlq1Sv539pZSxYbx4UZeYkutpPwXCcgyiRrlV4YH64nIOsKx7XVnOMy9O7rJsXkg==",
          "optional": true
        },
        "@types/d3-interpolate": {
          "version": "1.4.2",
          "resolved": "https://registry.npmjs.org/@types/d3-interpolate/-/d3-interpolate-1.4.2.tgz",
          "integrity": "sha512-ylycts6llFf8yAEs1tXzx2loxxzDZHseuhPokrqKprTQSTcD3JbJI1omZP1rphsELZO3Q+of3ff0ZS7+O6yVzg==",
          "optional": true,
          "requires": {
            "@types/d3-color": "^1"
          }
        },
        "@types/d3-path": {
          "version": "1.0.9",
          "resolved": "https://registry.npmjs.org/@types/d3-path/-/d3-path-1.0.9.tgz",
          "integrity": "sha512-NaIeSIBiFgSC6IGUBjZWcscUJEq7vpVu7KthHN8eieTV9d9MqkSOZLH4chq1PmcKy06PNe3axLeKmRIyxJ+PZQ==",
          "optional": true
        },
        "@types/d3-polygon": {
          "version": "1.0.8",
          "resolved": "https://registry.npmjs.org/@types/d3-polygon/-/d3-polygon-1.0.8.tgz",
          "integrity": "sha512-1TOJPXCBJC9V3+K3tGbTqD/CsqLyv/YkTXAcwdsZzxqw5cvpdnCuDl42M4Dvi8XzMxZNCT9pL4ibrK2n4VmAcw==",
          "optional": true
        },
        "@types/d3-quadtree": {
          "version": "1.0.9",
          "resolved": "https://registry.npmjs.org/@types/d3-quadtree/-/d3-quadtree-1.0.9.tgz",
          "integrity": "sha512-5E0OJJn2QVavITFEc1AQlI8gLcIoDZcTKOD3feKFckQVmFV4CXhqRFt83tYNVNIN4ZzRkjlAMavJa1ldMhf5rA==",
          "optional": true
        },
        "@types/d3-random": {
          "version": "1.1.3",
          "resolved": "https://registry.npmjs.org/@types/d3-random/-/d3-random-1.1.3.tgz",
          "integrity": "sha512-XXR+ZbFCoOd4peXSMYJzwk0/elP37WWAzS/DG+90eilzVbUSsgKhBcWqylGWe+lA2ubgr7afWAOBaBxRgMUrBQ==",
          "optional": true
        },
        "@types/d3-scale": {
          "version": "1.0.17",
          "resolved": "https://registry.npmjs.org/@types/d3-scale/-/d3-scale-1.0.17.tgz",
          "integrity": "sha512-baIP5/gw+PS8Axs1lfZCeIjcOXen/jxQmgFEjbYThwaj2drvivOIrJMh2Ig4MeenrogCH6zkhiOxCPRkvN1scA==",
          "optional": true,
          "requires": {
            "@types/d3-time": "^1"
          }
        },
        "@types/d3-selection": {
          "version": "1.4.3",
          "resolved": "https://registry.npmjs.org/@types/d3-selection/-/d3-selection-1.4.3.tgz",
          "integrity": "sha512-GjKQWVZO6Sa96HiKO6R93VBE8DUW+DDkFpIMf9vpY5S78qZTlRRSNUsHr/afDpF7TvLDV7VxrUFOWW7vdIlYkA==",
          "optional": true
        },
        "@types/d3-shape": {
          "version": "1.3.8",
          "resolved": "https://registry.npmjs.org/@types/d3-shape/-/d3-shape-1.3.8.tgz",
          "integrity": "sha512-gqfnMz6Fd5H6GOLYixOZP/xlrMtJms9BaS+6oWxTKHNqPGZ93BkWWupQSCYm6YHqx6h9wjRupuJb90bun6ZaYg==",
          "optional": true,
          "requires": {
            "@types/d3-path": "^1"
          }
        },
        "@types/d3-time": {
          "version": "1.1.1",
          "resolved": "https://registry.npmjs.org/@types/d3-time/-/d3-time-1.1.1.tgz",
          "integrity": "sha512-ULX7LoqXTCYtM+tLYOaeAJK7IwCT+4Gxlm2MaH0ErKLi07R5lh8NHCAyWcDkCCmx1AfRcBEV6H9QE9R25uP7jw==",
          "optional": true
        },
        "@types/d3-time-format": {
          "version": "2.3.1",
          "resolved": "https://registry.npmjs.org/@types/d3-time-format/-/d3-time-format-2.3.1.tgz",
          "integrity": "sha512-fck0Z9RGfIQn3GJIEKVrp15h9m6Vlg0d5XXeiE/6+CQiBmMDZxfR21XtjEPuDeg7gC3bBM0SdieA5XF3GW1wKA==",
          "optional": true
        },
        "@types/d3-timer": {
          "version": "1.0.10",
          "resolved": "https://registry.npmjs.org/@types/d3-timer/-/d3-timer-1.0.10.tgz",
          "integrity": "sha512-ZnAbquVqy+4ZjdW0cY6URp+qF/AzTVNda2jYyOzpR2cPT35FTXl78s15Bomph9+ckOiI1TtkljnWkwbIGAb6rg==",
          "optional": true
        },
        "@types/d3-transition": {
          "version": "1.3.2",
          "resolved": "https://registry.npmjs.org/@types/d3-transition/-/d3-transition-1.3.2.tgz",
          "integrity": "sha512-J+a3SuF/E7wXbOSN19p8ZieQSFIm5hU2Egqtndbc54LXaAEOpLfDx4sBu/PKAKzHOdgKK1wkMhINKqNh4aoZAg==",
          "optional": true,
          "requires": {
            "@types/d3-selection": "^1"
          }
        },
        "@types/d3-zoom": {
          "version": "1.8.3",
          "resolved": "https://registry.npmjs.org/@types/d3-zoom/-/d3-zoom-1.8.3.tgz",
          "integrity": "sha512-3kHkL6sPiDdbfGhzlp5gIHyu3kULhtnHTTAl3UBZVtWB1PzcLL8vdmz5mTx7plLiUqOA2Y+yT2GKjt/TdA2p7Q==",
          "optional": true,
          "requires": {
            "@types/d3-interpolate": "^1",
            "@types/d3-selection": "^1"
          }
        }
      }
    },
    "@types/d3-collection": {
      "optional": true
    },
    "@types/d3-queue": {
      "optional": true
    },
    "@types/d3-request": {
      "optional": true
    },
    "@types/d3-voronoi": {
      "optional": true
    },
    "@types/geojson": {
      "optional": true
    },
    "bootstrap": {
      "version": "3.4.1",
      "resolved": "https://registry.npmjs.org/bootstrap/-/bootstrap-3.4.1.tgz",
      "integrity": "sha512-yN5oZVmRCwe5aKwzRj6736nSmKDX7pLYwsXiCj/EYmo16hODaBiT4En5btW/jhBF/seV+XMx3aYwukYC3A49DA=="
    },
    "bootstrap-datepicker": {
      "version": "1.9.0",
      "resolved": "https://registry.npmjs.org/bootstrap-datepicker/-/bootstrap-datepicker-1.9.0.tgz",
      "integrity": "sha512-9rYYbaVOheGYxjOr/+bJCmRPihfy+LkLSg4fIFMT9Od8WwWB/MB50w0JO1eBgKUMbb7PFHQD5uAfI3ArAxZRXA==",
      "optional": true,
      "requires": {
        "jquery": ">=1.7.1 <4.0.0"
      }
    },
    "bootstrap-sass": {
      "version": "3.4.3",
      "resolved": "https://registry.npmjs.org/bootstrap-sass/-/bootstrap-sass-3.4.3.tgz",
      "integrity": "sha512-vPgFnGMp1jWZZupOND65WS6mkR8rxhJxndT/AcMbqcq1hHMdkcH4sMPhznLzzoHOHkSCrd6J9F8pWBriPCKP2Q==",
      "optional": true
    },
    "bootstrap-select": {
      "version": "1.12.2",
      "resolved": "https://registry.npmjs.org/bootstrap-select/-/bootstrap-select-1.12.2.tgz",
      "integrity": "sha512-Fj1VstB55LigEEYQb6ZOi/ok+uaqnslRxS8Qo9Q+F46WWDhhXAeNpjBhjEMlxQjPs9yqYZf2hf/mxVRWab8sow==",
      "optional": true,
      "requires": {
        "jquery": ">=1.8"
      }
    },
    "bootstrap-slider": {
      "version": "9.10.0",
      "resolved": "https://registry.npmjs.org/bootstrap-slider/-/bootstrap-slider-9.10.0.tgz",
      "integrity": "sha512-a9MtENtt4r3ttPW5mpIpOFmCaIsm37EGukOgw5cfHlxKvsUSN8AN9JtwKrKuqgEnxs86kUSsMvMn8kqewMorKw==",
      "optional": true
    },
    "bootstrap-switch": {
      "version": "3.3.4",
      "resolved": "https://registry.npmjs.org/bootstrap-switch/-/bootstrap-switch-3.3.4.tgz",
      "integrity": "sha512-7YQo+Ir6gCUqC36FFp1Zvec5dRF/+obq+1drMtdIMi9Xc84Kx63Evi0kdcp4HfiGsZpiz6IskyYDNlSKcxsL7w==",
      "optional": true,
      "requires": {}
    },
    "bootstrap-touchspin": {
      "version": "3.1.1",
      "resolved": "https://registry.npmjs.org/bootstrap-touchspin/-/bootstrap-touchspin-3.1.1.tgz",
      "integrity": "sha512-o5pgzdr8Ma5hQKS3JE1uNq/jkx8qCG+KhJXSlvYCmX2wTxva2sS2Kq3idGN+tP5e1bZJQgkbqwP9TdEEx+R+6Q==",
      "optional": true
    },
    "c3": {
      "version": "0.4.24",
      "resolved": "https://registry.npmjs.org/c3/-/c3-0.4.24.tgz",
      "integrity": "sha512-mVCFtN5ZWUT5UE7ilFQ7KBQ7TUCdKIq6KsDt1hH/1m6gC1tBjvzFTO7fqhaiWHfhNOjjM7makschdhg6DkWQMA==",
      "optional": true,
      "requires": {
        "d3": "~3.5.0"
      }
    },
    "d3": {
      "version": "3.5.17",
      "resolved": "https://registry.npmjs.org/d3/-/d3-3.5.17.tgz",
      "integrity": "sha512-yFk/2idb8OHPKkbAL8QaOaqENNoMhIaSHZerk3oQsECwkObkCpJyjYwCe+OHiq6UEdhe1m8ZGARRRO3ljFjlKg==",
      "optional": true
    },
    "datatables.net": {
      "version": "1.13.1",
      "resolved": "https://registry.npmjs.org/datatables.net/-/datatables.net-1.13.1.tgz",
      "integrity": "sha512-cX5dDHsbVdLLYKsWOSE0MvuGUcV88zU5dZ/taK2puJV6F9Fw0CFsP3+U/kr+qpDSFOBLWISRyM4Q9wWWovPTNg==",
      "optional": true,
      "requires": {
        "jquery": ">=1.7"
      }
    },
    "datatables.net-colreorder": {
      "version": "1.6.1",
      "resolved": "https://registry.npmjs.org/datatables.net-colreorder/-/datatables.net-colreorder-1.6.1.tgz",
      "integrity": "sha512-ae0gdkG0OmrEGUrXYm0XgWDzDkuEhEuNrfvQsmtCTl0j+1nxtXPsecIiWBCqv/dM0X4x8PT0dJY8furqPCzXXw==",
      "optional": true,
      "requires": {
        "datatables.net": ">=1.12.1",
        "jquery": ">=1.7"
      }
    },
    "datatables.net-colreorder-bs": {
      "version": "1.3.3",
      "resolved": "https://registry.npmjs.org/datatables.net-colreorder-bs/-/datatables.net-colreorder-bs-1.3.3.tgz",
      "integrity": "sha512-+DPim/DhbSIqr2rhRvYNrAMFNZgl372PiKEAv5YeyjYMzc8+6kX8Vinpb3Bg0PDgEdPqEWqJ6H18pBCKhXppgg==",
      "optional": true,
      "requires": {
        "datatables.net-bs": ">=1.10.9",
        "datatables.net-colreorder": ">=1.2.0",
        "jquery": ">=1.7"
      },
      "dependencies": {
        "datatables.net-bs": {
          "version": "1.13.1",
          "resolved": "https://registry.npmjs.org/datatables.net-bs/-/datatables.net-bs-1.13.1.tgz",
          "integrity": "sha512-xk7fGh4txtQWsvrkpQroHJse3YJ0Hkn3UAy1Kk1Ngok32BhVKIQ2t4ggchg73JY+o5TynBn5MgezYJpwMRU+Hg==",
          "optional": true,
          "requires": {
            "datatables.net": ">=1.12.1",
            "jquery": ">=1.7"
          }
        }
      }
    },
    "datatables.net-select": {
      "version": "1.2.7",
      "resolved": "https://registry.npmjs.org/datatables.net-select/-/datatables.net-select-1.2.7.tgz",
      "integrity": "sha512-C3XDi7wpruGjDXV36dc9hN/FrAX9GOFvBZ7+KfKJTBNkGFbbhdzHS91SMeGiwRXPYivAyxfPTcVVndVaO83uBQ==",
      "optional": true,
      "requires": {
        "datatables.net": "^1.10.15",
        "jquery": ">=1.7"
      }
    },
    "drmonty-datatables-colvis": {
      "version": "1.1.2",
      "resolved": "https://registry.npmjs.org/drmonty-datatables-colvis/-/drmonty-datatables-colvis-1.1.2.tgz",
      "integrity": "sha512-1kL4fbsBEkQQTl83eQ8G/vRGcCiM6Hn3O8Tp473tG4YSsBDcxETDDSxb8qC+fQjHZ3jUCptWj3lG/L8rI6NBNw==",
      "optional": true,
      "requires": {
        "jquery": ">=1.7.0"
      }
    },
    "eonasdan-bootstrap-datetimepicker": {
      "version": "4.17.49",
      "resolved": "https://registry.npmjs.org/eonasdan-bootstrap-datetimepicker/-/eonasdan-bootstrap-datetimepicker-4.17.49.tgz",
      "integrity": "sha512-7KZeDpkj+A6AtPR3XjX8gAnRPUkPSfW0OmMANG1dkUOPMtLSzbyoCjDIdEcfRtQPU5X0D9Gob7wWKn0h4QWy7A==",
      "optional": true,
      "requires": {
        "bootstrap": "^3.3",
        "jquery": "^3.5.1",
        "moment": "^2.10",
        "moment-timezone": "^0.4.0"
      },
      "dependencies": {
        "jquery": {
          "version": "3.6.3",
          "resolved": "https://registry.npmjs.org/jquery/-/jquery-3.6.3.tgz",
          "integrity": "sha512-bZ5Sy3YzKo9Fyc8wH2iIQK4JImJ6R0GWI9kL1/k7Z91ZBNgkRXE6U0JfHIizZbort8ZunhSI3jw9I6253ahKfg==",
          "optional": true
        }
      }
    },
    "font-awesome": {
      "version": "4.7.0",
      "resolved": "https://registry.npmjs.org/font-awesome/-/font-awesome-4.7.0.tgz",
      "integrity": "sha512-U6kGnykA/6bFmg1M/oT9EkFeIYv7JlX3bozwQJWiiLz6L0w3F5vBVPxHlwyX/vtNq1ckcpRKOB9f2Qal/VtFpg=="
    },
    "font-awesome-sass": {
      "version": "4.7.0",
      "resolved": "https://registry.npmjs.org/font-awesome-sass/-/font-awesome-sass-4.7.0.tgz",
      "integrity": "sha512-apO2Nw3XP/Zv7fLxa+MnPnvJ/GdkH6qWrLrtN5oQrFL7RPprzHKROjN94jgyoxM+T7PQBhY9F/SwOKbBaLyXxg==",
      "optional": true
    },
    "google-code-prettify": {
      "version": "1.0.5",
      "resolved": "https://registry.npmjs.org/google-code-prettify/-/google-code-prettify-1.0.5.tgz",
      "integrity": "sha512-Y47Bw63zJKCuqTuhTZC1ct4e/0ADuMssxXhnrP8QHq71tE2aYBKG6wQwXr8zya0zIUd0mKN3XTlI5AME4qm6NQ==",
      "optional": true
    },
    "jquery": {
      "version": "3.4.1",
      "resolved": "https://registry.npmjs.org/jquery/-/jquery-3.4.1.tgz",
      "integrity": "sha512-36+AdBzCL+y6qjw5Tx7HgzeGCzC81MDDgaUP8ld2zhx58HdqXGoBd+tHdrBMiyjGQs0Hxs/MLZTu/eHNJJuWPw=="
    },
    "jquery-match-height": {
      "version": "0.7.2",
      "resolved": "https://registry.npmjs.org/jquery-match-height/-/jquery-match-height-0.7.2.tgz",
      "integrity": "sha512-qSyC0GBc4zUlgBcxfyyumJSVUm50T6XuJEIz59cKaI28VXMUT95mZ6KiIjhMIMbG8IiJhh65FtQO1XD42TAcwg==",
      "optional": true
    },
    "moment": {
      "version": "2.29.4",
      "resolved": "https://registry.npmjs.org/moment/-/moment-2.29.4.tgz",
      "integrity": "sha512-5LC9SOxjSc2HF6vO2CyuTDNivEdoz2IvyJJGj6X8DJ0eFyfszE0QiEd+iXmBvUP3WHxSjFH/vIsA0EN00cgr8w==",
      "optional": true
    },
    "moment-timezone": {
      "version": "0.4.1",
      "resolved": "https://registry.npmjs.org/moment-timezone/-/moment-timezone-0.4.1.tgz",
      "integrity": "sha512-5cNPVUwaVJDCe9JM8m/qz17f9SkaI8rpnRUyDJi2K5HAd6EwhuQ3n5nLclZkNC/qJnomKgQH2TIu70Gy2dxFKA==",
      "optional": true,
      "requires": {
        "moment": ">= 2.6.0"
      }
    },
    "patternfly": {
      "version": "3.59.5",
      "resolved": "https://registry.npmjs.org/patternfly/-/patternfly-3.59.5.tgz",
      "integrity": "sha512-SMQynv9eFrWWG0Ujta5+jPjxHdQB3xkTLiDW5VP8XXc0nGUxXb4EnZh21qiMeGGJYaKpu9CzaPEpCvuBxgYWHQ==",
      "requires": {
        "@types/c3": "^0.6.0",
        "bootstrap": "~3.4.1",
        "bootstrap-datepicker": "^1.7.1",
        "bootstrap-sass": "^3.4.0",
        "bootstrap-select": "1.12.2",
        "bootstrap-slider": "^9.9.0",
        "bootstrap-switch": "3.3.4",
        "bootstrap-touchspin": "~3.1.1",
        "c3": "~0.4.11",
        "d3": "~3.5.17",
        "datatables.net": "^1.10.15",
        "datatables.net-colreorder": "^1.4.1",
        "datatables.net-colreorder-bs": "~1.3.2",
        "datatables.net-select": "~1.2.0",
        "drmonty-datatables-colvis": "~1.1.2",
        "eonasdan-bootstrap-datetimepicker": "^4.17.47",
        "font-awesome": "^4.7.0",
        "font-awesome-sass": "^4.7.0",
        "google-code-prettify": "~1.0.5",
        "jquery": "~3.4.1",
        "jquery-match-height": "^0.7.2",
        "moment": "^2.19.1",
        "moment-timezone": "^0.4.1",
        "patternfly-bootstrap-combobox": "~1.1.7",
        "patternfly-bootstrap-treeview": "~2.1.10"
      }
    },
    "patternfly-bootstrap-combobox": {
      "version": "1.1.7",
      "resolved": "https://registry.npmjs.org/patternfly-bootstrap-combobox/-/patternfly-bootstrap-combobox-1.1.7.tgz",
      "integrity": "sha512-6KptS6UnS8jOwLuqsjokiNUYjOf3G4bSahiSHhkQMdfvG0b4sZkUgOFWdMJ8zBXaZGVe8T324GQoXqiJdJxMuw==",
      "optional": true
    },
    "patternfly-bootstrap-treeview": {
      "version": "2.1.10",
      "resolved": "https://registry.npmjs.org/patternfly-bootstrap-treeview/-/patternfly-bootstrap-treeview-2.1.10.tgz",
      "integrity": "sha512-P9+iFu34CwX+R5Fd7/EWbxTug0q9mDj53PnZIIh5ie54KX2kD0+54lCWtpD9SVylDwDtDv3n3A6gbFVkx7HsuA==",
      "optional": true,
      "requires": {
        "bootstrap": "^3.4.1",
        "jquery": "^3.4.1"
      }
    }
  }
}
